
Microsoft Visual Studio Solution File, Format Version 12.00
# Visual Studio Version 17
VisualStudioVersion = 17.3.32922.545
MinimumVisualStudioVersion = 10.0.40219.1
Project("{FAE04EC0-301F-11D3-BF4B-00C04F79EFBC}") = "SchoolPlayground", "SchoolPlayground\SchoolPlayground.csproj", "{29910E48-407A-4E18-BB2A-D7D5565FCA73}"
EndProject
Global
	GlobalSection(SolutionConfigurationPlatforms) = preSolution
		Debug|Any CPU = Debug|Any CPU
		Release|Any CPU = Release|Any CPU
	EndGlobalSection
	GlobalSection(ProjectConfigurationPlatforms) = postSolution
		{29910E48-407A-4E18-BB2A-D7D5565FCA73}.Debug|Any CPU.ActiveCfg = Debug|Any CPU
		{29910E48-407A-4E18-BB2A-D7D5565FCA73}.Debug|Any CPU.Build.0 = Debug|Any CPU
		{29910E48-407A-4E18-BB2A-D7D5565FCA73}.Release|Any CPU.ActiveCfg = Release|Any CPU
		{29910E48-407A-4E18-BB2A-D7D5565FCA73}.Release|Any CPU.Build.0 = Release|Any CPU
	EndGlobalSection
	GlobalSection(SolutionProperties) = preSolution
		HideSolutionNode = FALSE
	EndGlobalSection
	GlobalSection(ExtensibilityGlobals) = postSolution
		SolutionGuid = {3C69A22D-81B0-434A-80B5-0622EE581882}
	EndGlobalSection
EndGlobal
